
Microsoft Visual Studio Solution File, Format Version 12.00
# Visual Studio Version 17
VisualStudioVersion = 17.9.34728.123
MinimumVisualStudioVersion = 10.0.40219.1
Project("{9A19103F-16F7-4668-BE54-9A1E7A4F7556}") = "backend", "E_commerce_backend\backend.csproj", "{A9C82B17-59CB-471B-9FE1-68D39DE5B080}"
EndProject
Global
	GlobalSection(SolutionConfigurationPlatforms) = preSolution
		Debug|Any CPU = Debug|Any CPU
		Release|Any CPU = Release|Any CPU
	EndGlobalSection
	GlobalSection(ProjectConfigurationPlatforms) = postSolution
		{A9C82B17-59CB-471B-9FE1-68D39DE5B080}.Debug|Any CPU.ActiveCfg = Debug|Any CPU
		{A9C82B17-59CB-471B-9FE1-68D39DE5B080}.Debug|Any CPU.Build.0 = Debug|Any CPU
		{A9C82B17-59CB-471B-9FE1-68D39DE5B080}.Release|Any CPU.ActiveCfg = Release|Any CPU
		{A9C82B17-59CB-471B-9FE1-68D39DE5B080}.Release|Any CPU.Build.0 = Release|Any CPU
	EndGlobalSection
	GlobalSection(SolutionProperties) = preSolution
		HideSolutionNode = FALSE
	EndGlobalSection
	GlobalSection(ExtensibilityGlobals) = postSolution
		SolutionGuid = {FAA8A707-3275-4736-9476-2EB6423DA684}
	EndGlobalSection
EndGlobal
